// !$*UTF8*$!
{
	archiveVersion = 1;
	classes = {
	};
	objectVersion = 55;
	objects = {

/* Begin PBXBuildFile section */
		CEA78B522761032A005FEE3B /* AppDelegate.swift in Sources */ = {isa = PBXBuildFile; fileRef = CEA78B512761032A005FEE3B /* AppDelegate.swift */; };
		CEA78B542761032A005FEE3B /* SceneDelegate.swift in Sources */ = {isa = PBXBuildFile; fileRef = CEA78B532761032A005FEE3B /* SceneDelegate.swift */; };
		CEA78B562761032A005FEE3B /* CheckAuthPage.swift in Sources */ = {isa = PBXBuildFile; fileRef = CEA78B552761032A005FEE3B /* CheckAuthPage.swift */; };
		CEA78B592761032A005FEE3B /* Main.storyboard in Resources */ = {isa = PBXBuildFile; fileRef = CEA78B572761032A005FEE3B /* Main.storyboard */; };
		CEA78B5C2761032A005FEE3B /* Porject2.xcdatamodeld in Sources */ = {isa = PBXBuildFile; fileRef = CEA78B5A2761032A005FEE3B /* Porject2.xcdatamodeld */; };
		CEA78B5E2761032C005FEE3B /* Assets.xcassets in Resources */ = {isa = PBXBuildFile; fileRef = CEA78B5D2761032C005FEE3B /* Assets.xcassets */; };
		CEA78B612761032C005FEE3B /* LaunchScreen.storyboard in Resources */ = {isa = PBXBuildFile; fileRef = CEA78B5F2761032C005FEE3B /* LaunchScreen.storyboard */; };
		CEA78B6E2761107E005FEE3B /* SignInPage.swift in Sources */ = {isa = PBXBuildFile; fileRef = CEA78B6D2761107E005FEE3B /* SignInPage.swift */; };
		CEA78B702761108C005FEE3B /* SignUpPage.swift in Sources */ = {isa = PBXBuildFile; fileRef = CEA78B6F2761108C005FEE3B /* SignUpPage.swift */; };
		CEA78B7227611094005FEE3B /* HomePage.swift in Sources */ = {isa = PBXBuildFile; fileRef = CEA78B7127611094005FEE3B /* HomePage.swift */; };
		CEA78B7727611988005FEE3B /* FirebaseAppCheck in Frameworks */ = {isa = PBXBuildFile; productRef = CEA78B7627611988005FEE3B /* FirebaseAppCheck */; };
		CEA78B7927611988005FEE3B /* FirebaseAuth in Frameworks */ = {isa = PBXBuildFile; productRef = CEA78B7827611988005FEE3B /* FirebaseAuth */; };
		CEA78B7B27611988005FEE3B /* FirebaseFirestore in Frameworks */ = {isa = PBXBuildFile; productRef = CEA78B7A27611988005FEE3B /* FirebaseFirestore */; };
		CEA78B7E27611A30005FEE3B /* AuthManger.swift in Sources */ = {isa = PBXBuildFile; fileRef = CEA78B7D27611A30005FEE3B /* AuthManger.swift */; };
		CEA78B8027611F2C005FEE3B /* Alert Controller.swift in Sources */ = {isa = PBXBuildFile; fileRef = CEA78B7F27611F2C005FEE3B /* Alert Controller.swift */; };
		CEA78B8227616BA3005FEE3B /* Extension .swift in Sources */ = {isa = PBXBuildFile; fileRef = CEA78B8127616BA3005FEE3B /* Extension .swift */; };
		CEA78B84276287BC005FEE3B /* NewContent.swift in Sources */ = {isa = PBXBuildFile; fileRef = CEA78B83276287BC005FEE3B /* NewContent.swift */; };
		CEB266F12762AC47005241AB /* ReviewPage.swift in Sources */ = {isa = PBXBuildFile; fileRef = CEB266F02762AC47005241AB /* ReviewPage.swift */; };
		CEB266F32762BF03005241AB /* ModelArticle.swift in Sources */ = {isa = PBXBuildFile; fileRef = CEB266F22762BF03005241AB /* ModelArticle.swift */; };
		CEB266F52763F3C3005241AB /* ProfilePage.swift in Sources */ = {isa = PBXBuildFile; fileRef = CEB266F42763F3C3005241AB /* ProfilePage.swift */; };
		CEB266FB276410C0005241AB /* User Firebase File.swift in Sources */ = {isa = PBXBuildFile; fileRef = CEB266FA276410C0005241AB /* User Firebase File.swift */; };
		CEB266FE27642139005241AB /* Coredate.swift in Sources */ = {isa = PBXBuildFile; fileRef = CEB266FD27642139005241AB /* Coredate.swift */; };
		CEB267002764F27E005241AB /* DisplayContentPage.swift in Sources */ = {isa = PBXBuildFile; fileRef = CEB266FF2764F27E005241AB /* DisplayContentPage.swift */; };
		CEB267032765027B005241AB /* HomeCell.swift in Sources */ = {isa = PBXBuildFile; fileRef = CEB267022765027B005241AB /* HomeCell.swift */; };
		CEB2670527651C58005241AB /* GoogleService-Info.plist in Resources */ = {isa = PBXBuildFile; fileRef = CEB2670427651C58005241AB /* GoogleService-Info.plist */; };
/* End PBXBuildFile section */

/* Begin PBXFileReference section */
		CEA78B4E2761032A005FEE3B /* Porject2.app */ = {isa = PBXFileReference; explicitFileType = wrapper.application; includeInIndex = 0; path = Porject2.app; sourceTree = BUILT_PRODUCTS_DIR; };
		CEA78B512761032A005FEE3B /* AppDelegate.swift */ = {isa = PBXFileReference; lastKnownFileType = sourcecode.swift; path = AppDelegate.swift; sourceTree = "<group>"; };
		CEA78B532761032A005FEE3B /* SceneDelegate.swift */ = {isa = PBXFileReference; lastKnownFileType = sourcecode.swift; path = SceneDelegate.swift; sourceTree = "<group>"; };
		CEA78B552761032A005FEE3B /* CheckAuthPage.swift */ = {isa = PBXFileReference; lastKnownFileType = sourcecode.swift; path = CheckAuthPage.swift; sourceTree = "<group>"; };
		CEA78B582761032A005FEE3B /* Base */ = {isa = PBXFileReference; lastKnownFileType = file.storyboard; name = Base; path = Base.lproj/Main.storyboard; sourceTree = "<group>"; };
		CEA78B5B2761032A005FEE3B /* Porject2.xcdatamodel */ = {isa = PBXFileReference; lastKnownFileType = wrapper.xcdatamodel; path = Porject2.xcdatamodel; sourceTree = "<group>"; };
		CEA78B5D2761032C005FEE3B /* Assets.xcassets */ = {isa = PBXFileReference; lastKnownFileType = folder.assetcatalog; path = Assets.xcassets; sourceTree = "<group>"; };
		CEA78B602761032C005FEE3B /* Base */ = {isa = PBXFileReference; lastKnownFileType = file.storyboard; name = Base; path = Base.lproj/LaunchScreen.storyboard; sourceTree = "<group>"; };
		CEA78B622761032C005FEE3B /* Info.plist */ = {isa = PBXFileReference; lastKnownFileType = text.plist.xml; path = Info.plist; sourceTree = "<group>"; };
		CEA78B6D2761107E005FEE3B /* SignInPage.swift */ = {isa = PBXFileReference; lastKnownFileType = sourcecode.swift; path = SignInPage.swift; sourceTree = "<group>"; };
		CEA78B6F2761108C005FEE3B /* SignUpPage.swift */ = {isa = PBXFileReference; lastKnownFileType = sourcecode.swift; path = SignUpPage.swift; sourceTree = "<group>"; };
		CEA78B7127611094005FEE3B /* HomePage.swift */ = {isa = PBXFileReference; lastKnownFileType = sourcecode.swift; path = HomePage.swift; sourceTree = "<group>"; };
		CEA78B7D27611A30005FEE3B /* AuthManger.swift */ = {isa = PBXFileReference; lastKnownFileType = sourcecode.swift; path = AuthManger.swift; sourceTree = "<group>"; };
		CEA78B7F27611F2C005FEE3B /* Alert Controller.swift */ = {isa = PBXFileReference; lastKnownFileType = sourcecode.swift; path = "Alert Controller.swift"; sourceTree = "<group>"; };
		CEA78B8127616BA3005FEE3B /* Extension .swift */ = {isa = PBXFileReference; lastKnownFileType = sourcecode.swift; path = "Extension .swift"; sourceTree = "<group>"; };
		CEA78B83276287BC005FEE3B /* NewContent.swift */ = {isa = PBXFileReference; lastKnownFileType = sourcecode.swift; path = NewContent.swift; sourceTree = "<group>"; };
		CEB266F02762AC47005241AB /* ReviewPage.swift */ = {isa = PBXFileReference; lastKnownFileType = sourcecode.swift; path = ReviewPage.swift; sourceTree = "<group>"; };
		CEB266F22762BF03005241AB /* ModelArticle.swift */ = {isa = PBXFileReference; lastKnownFileType = sourcecode.swift; path = ModelArticle.swift; sourceTree = "<group>"; };
		CEB266F42763F3C3005241AB /* ProfilePage.swift */ = {isa = PBXFileReference; lastKnownFileType = sourcecode.swift; path = ProfilePage.swift; sourceTree = "<group>"; };
		CEB266FA276410C0005241AB /* User Firebase File.swift */ = {isa = PBXFileReference; lastKnownFileType = sourcecode.swift; path = "User Firebase File.swift"; sourceTree = "<group>"; };
		CEB266FD27642139005241AB /* Coredate.swift */ = {isa = PBXFileReference; lastKnownFileType = sourcecode.swift; path = Coredate.swift; sourceTree = "<group>"; };
		CEB266FF2764F27E005241AB /* DisplayContentPage.swift */ = {isa = PBXFileReference; lastKnownFileType = sourcecode.swift; path = DisplayContentPage.swift; sourceTree = "<group>"; };
		CEB267022765027B005241AB /* HomeCell.swift */ = {isa = PBXFileReference; lastKnownFileType = sourcecode.swift; path = HomeCell.swift; sourceTree = "<group>"; };
		CEB2670427651C58005241AB /* GoogleService-Info.plist */ = {isa = PBXFileReference; fileEncoding = 4; lastKnownFileType = text.plist.xml; path = "GoogleService-Info.plist"; sourceTree = "<group>"; };
/* End PBXFileReference section */

/* Begin PBXFrameworksBuildPhase section */
		CEA78B4B2761032A005FEE3B /* Frameworks */ = {
			isa = PBXFrameworksBuildPhase;
			buildActionMask = 2147483647;
			files = (
				CEA78B7727611988005FEE3B /* FirebaseAppCheck in Frameworks */,
				CEA78B7927611988005FEE3B /* FirebaseAuth in Frameworks */,
				CEA78B7B27611988005FEE3B /* FirebaseFirestore in Frameworks */,
			);
			runOnlyForDeploymentPostprocessing = 0;
		};
/* End PBXFrameworksBuildPhase section */

/* Begin PBXGroup section */
		CEA78B452761032A005FEE3B = {
			isa = PBXGroup;
			children = (
				CEA78B502761032A005FEE3B /* Porject2 */,
				CEA78B4F2761032A005FEE3B /* Products */,
			);
			sourceTree = "<group>";
		};
		CEA78B4F2761032A005FEE3B /* Products */ = {
			isa = PBXGroup;
			children = (
				CEA78B4E2761032A005FEE3B /* Porject2.app */,
			);
			name = Products;
			sourceTree = "<group>";
		};
		CEA78B502761032A005FEE3B /* Porject2 */ = {
			isa = PBXGroup;
			children = (
				CEA78B6C27610373005FEE3B /* View Controller */,
				CEA78B6927610356005FEE3B /* View */,
				CEA78B6827610343005FEE3B /* Model */,
				CEA78B512761032A005FEE3B /* AppDelegate.swift */,
				CEA78B532761032A005FEE3B /* SceneDelegate.swift */,
				CEA78B572761032A005FEE3B /* Main.storyboard */,
				CEA78B5D2761032C005FEE3B /* Assets.xcassets */,
				CEA78B5F2761032C005FEE3B /* LaunchScreen.storyboard */,
				CEA78B622761032C005FEE3B /* Info.plist */,
				CEB2670427651C58005241AB /* GoogleService-Info.plist */,
				CEA78B5A2761032A005FEE3B /* Porject2.xcdatamodeld */,
			);
			path = Porject2;
			sourceTree = "<group>";
		};
		CEA78B6827610343005FEE3B /* Model */ = {
			isa = PBXGroup;
			children = (
				CEB266F22762BF03005241AB /* ModelArticle.swift */,
			);
			path = Model;
			sourceTree = "<group>";
		};
		CEA78B6927610356005FEE3B /* View */ = {
			isa = PBXGroup;
			children = (
				CEB267012765025E005241AB /* Home Page */,
				CEA78B552761032A005FEE3B /* CheckAuthPage.swift */,
				CEA78B83276287BC005FEE3B /* NewContent.swift */,
				CEB266FF2764F27E005241AB /* DisplayContentPage.swift */,
				CEB266F42763F3C3005241AB /* ProfilePage.swift */,
				CEB266F02762AC47005241AB /* ReviewPage.swift */,
				CEA78B6D2761107E005FEE3B /* SignInPage.swift */,
				CEA78B6F2761108C005FEE3B /* SignUpPage.swift */,
			);
			path = View;
			sourceTree = "<group>";
		};
		CEA78B6C27610373005FEE3B /* View Controller */ = {
			isa = PBXGroup;
			children = (
				CEB266FC2764211B005241AB /* Coredata */,
				CEB266F62764106A005241AB /* Firebase */,
				CEA78B7F27611F2C005FEE3B /* Alert Controller.swift */,
				CEA78B8127616BA3005FEE3B /* Extension .swift */,
			);
			path = "View Controller";
			sourceTree = "<group>";
		};
		CEA78B7C27611A02005FEE3B /* Auth */ = {
			isa = PBXGroup;
			children = (
				CEA78B7D27611A30005FEE3B /* AuthManger.swift */,
			);
			path = Auth;
			sourceTree = "<group>";
		};
		CEB266F62764106A005241AB /* Firebase */ = {
			isa = PBXGroup;
			children = (
				CEB266F727641079005241AB /* User Firebase */,
				CEA78B7C27611A02005FEE3B /* Auth */,
			);
			path = Firebase;
			sourceTree = "<group>";
		};
		CEB266F727641079005241AB /* User Firebase */ = {
			isa = PBXGroup;
			children = (
				CEB266FA276410C0005241AB /* User Firebase File.swift */,
			);
			path = "User Firebase";
			sourceTree = "<group>";
		};
		CEB266FC2764211B005241AB /* Coredata */ = {
			isa = PBXGroup;
			children = (
				CEB266FD27642139005241AB /* Coredate.swift */,
			);
			path = Coredata;
			sourceTree = "<group>";
		};
		CEB267012765025E005241AB /* Home Page */ = {
			isa = PBXGroup;
			children = (
				CEA78B7127611094005FEE3B /* HomePage.swift */,
				CEB267022765027B005241AB /* HomeCell.swift */,
			);
			path = "Home Page";
			sourceTree = "<group>";
		};
/* End PBXGroup section */

/* Begin PBXNativeTarget section */
		CEA78B4D2761032A005FEE3B /* Porject2 */ = {
			isa = PBXNativeTarget;
			buildConfigurationList = CEA78B652761032C005FEE3B /* Build configuration list for PBXNativeTarget "Porject2" */;
			buildPhases = (
				CEA78B4A2761032A005FEE3B /* Sources */,
				CEA78B4B2761032A005FEE3B /* Frameworks */,
				CEA78B4C2761032A005FEE3B /* Resources */,
			);
			buildRules = (
			);
			dependencies = (
			);
			name = Porject2;
			packageProductDependencies = (
				CEA78B7627611988005FEE3B /* FirebaseAppCheck */,
				CEA78B7827611988005FEE3B /* FirebaseAuth */,
				CEA78B7A27611988005FEE3B /* FirebaseFirestore */,
			);
			productName = Porject2;
			productReference = CEA78B4E2761032A005FEE3B /* Porject2.app */;
			productType = "com.apple.product-type.application";
		};
/* End PBXNativeTarget section */

/* Begin PBXProject section */
		CEA78B462761032A005FEE3B /* Project object */ = {
			isa = PBXProject;
			attributes = {
				BuildIndependentTargetsInParallel = 1;
				LastSwiftUpdateCheck = 1310;
				LastUpgradeCheck = 1310;
				TargetAttributes = {
					CEA78B4D2761032A005FEE3B = {
						CreatedOnToolsVersion = 13.1;
					};
				};
			};
			buildConfigurationList = CEA78B492761032A005FEE3B /* Build configuration list for PBXProject "Porject2" */;
			compatibilityVersion = "Xcode 13.0";
			developmentRegion = en;
			hasScannedForEncodings = 0;
			knownRegions = (
				en,
				Base,
			);
			mainGroup = CEA78B452761032A005FEE3B;
			packageReferences = (
				CEA78B7527611988005FEE3B /* XCRemoteSwiftPackageReference "firebase-ios-sdk" */,
			);
			productRefGroup = CEA78B4F2761032A005FEE3B /* Products */;
			projectDirPath = "";
			projectRoot = "";
			targets = (
				CEA78B4D2761032A005FEE3B /* Porject2 */,
			);
		};
/* End PBXProject section */

/* Begin PBXResourcesBuildPhase section */
		CEA78B4C2761032A005FEE3B /* Resources */ = {
			isa = PBXResourcesBuildPhase;
			buildActionMask = 2147483647;
			files = (
				CEA78B612761032C005FEE3B /* LaunchScreen.storyboard in Resources */,
				CEB2670527651C58005241AB /* GoogleService-Info.plist in Resources */,
				CEA78B5E2761032C005FEE3B /* Assets.xcassets in Resources */,
				CEA78B592761032A005FEE3B /* Main.storyboard in Resources */,
			);
			runOnlyForDeploymentPostprocessing = 0;
		};
/* End PBXResourcesBuildPhase section */

/* Begin PBXSourcesBuildPhase section */
		CEA78B4A2761032A005FEE3B /* Sources */ = {
			isa = PBXSourcesBuildPhase;
			buildActionMask = 2147483647;
			files = (
				CEB266FE27642139005241AB /* Coredate.swift in Sources */,
				CEA78B702761108C005FEE3B /* SignUpPage.swift in Sources */,
				CEA78B562761032A005FEE3B /* CheckAuthPage.swift in Sources */,
				CEA78B8227616BA3005FEE3B /* Extension .swift in Sources */,
				CEA78B522761032A005FEE3B /* AppDelegate.swift in Sources */,
				CEB266F32762BF03005241AB /* ModelArticle.swift in Sources */,
				CEA78B84276287BC005FEE3B /* NewContent.swift in Sources */,
				CEA78B5C2761032A005FEE3B /* Porject2.xcdatamodeld in Sources */,
				CEB266F12762AC47005241AB /* ReviewPage.swift in Sources */,
				CEA78B542761032A005FEE3B /* SceneDelegate.swift in Sources */,
				CEB266FB276410C0005241AB /* User Firebase File.swift in Sources */,
				CEB267002764F27E005241AB /* DisplayContentPage.swift in Sources */,
				CEA78B8027611F2C005FEE3B /* Alert Controller.swift in Sources */,
				CEB266F52763F3C3005241AB /* ProfilePage.swift in Sources */,
				CEA78B6E2761107E005FEE3B /* SignInPage.swift in Sources */,
				CEA78B7227611094005FEE3B /* HomePage.swift in Sources */,
				CEB267032765027B005241AB /* HomeCell.swift in Sources */,
				CEA78B7E27611A30005FEE3B /* AuthManger.swift in Sources */,
			);
			runOnlyForDeploymentPostprocessing = 0;
		};
/* End PBXSourcesBuildPhase section */

/* Begin PBXVariantGroup section */
		CEA78B572761032A005FEE3B /* Main.storyboard */ = {
			isa = PBXVariantGroup;
			children = (
				CEA78B582761032A005FEE3B /* Base */,
			);
			name = Main.storyboard;
			sourceTree = "<group>";
		};
		CEA78B5F2761032C005FEE3B /* LaunchScreen.storyboard */ = {
			isa = PBXVariantGroup;
			children = (
				CEA78B602761032C005FEE3B /* Base */,
			);
			name = LaunchScreen.storyboard;
			sourceTree = "<group>";
		};
/* End PBXVariantGroup section */

/* Begin XCBuildConfiguration section */
		CEA78B632761032C005FEE3B /* Debug */ = {
			isa = XCBuildConfiguration;
			buildSettings = {
				ALWAYS_SEARCH_USER_PATHS = NO;
				CLANG_ANALYZER_NONNULL = YES;
				CLANG_ANALYZER_NUMBER_OBJECT_CONVERSION = YES_AGGRESSIVE;
				CLANG_CXX_LANGUAGE_STANDARD = "gnu++17";
				CLANG_CXX_LIBRARY = "libc++";
				CLANG_ENABLE_MODULES = YES;
				CLANG_ENABLE_OBJC_ARC = YES;
				CLANG_ENABLE_OBJC_WEAK = YES;
				CLANG_WARN_BLOCK_CAPTURE_AUTORELEASING = YES;
				CLANG_WARN_BOOL_CONVERSION = YES;
				CLANG_WARN_COMMA = YES;
				CLANG_WARN_CONSTANT_CONVERSION = YES;
				CLANG_WARN_DEPRECATED_OBJC_IMPLEMENTATIONS = YES;
				CLANG_WARN_DIRECT_OBJC_ISA_USAGE = YES_ERROR;
				CLANG_WARN_DOCUMENTATION_COMMENTS = YES;
				CLANG_WARN_EMPTY_BODY = YES;
				CLANG_WARN_ENUM_CONVERSION = YES;
				CLANG_WARN_INFINITE_RECURSION = YES;
				CLANG_WARN_INT_CONVERSION = YES;
				CLANG_WARN_NON_LITERAL_NULL_CONVERSION = YES;
				CLANG_WARN_OBJC_IMPLICIT_RETAIN_SELF = YES;
				CLANG_WARN_OBJC_LITERAL_CONVERSION = YES;
				CLANG_WARN_OBJC_ROOT_CLASS = YES_ERROR;
				CLANG_WARN_QUOTED_INCLUDE_IN_FRAMEWORK_HEADER = YES;
				CLANG_WARN_RANGE_LOOP_ANALYSIS = YES;
				CLANG_WARN_STRICT_PROTOTYPES = YES;
				CLANG_WARN_SUSPICIOUS_MOVE = YES;
				CLANG_WARN_UNGUARDED_AVAILABILITY = YES_AGGRESSIVE;
				CLANG_WARN_UNREACHABLE_CODE = YES;
				CLANG_WARN__DUPLICATE_METHOD_MATCH = YES;
				COPY_PHASE_STRIP = NO;
				DEBUG_INFORMATION_FORMAT = dwarf;
				ENABLE_STRICT_OBJC_MSGSEND = YES;
				ENABLE_TESTABILITY = YES;
				GCC_C_LANGUAGE_STANDARD = gnu11;
				GCC_DYNAMIC_NO_PIC = NO;
				GCC_NO_COMMON_BLOCKS = YES;
				GCC_OPTIMIZATION_LEVEL = 0;
				GCC_PREPROCESSOR_DEFINITIONS = (
					"DEBUG=1",
					"$(inherited)",
				);
				GCC_WARN_64_TO_32_BIT_CONVERSION = YES;
				GCC_WARN_ABOUT_RETURN_TYPE = YES_ERROR;
				GCC_WARN_UNDECLARED_SELECTOR = YES;
				GCC_WARN_UNINITIALIZED_AUTOS = YES_AGGRESSIVE;
				GCC_WARN_UNUSED_FUNCTION = YES;
				GCC_WARN_UNUSED_VARIABLE = YES;
				IPHONEOS_DEPLOYMENT_TARGET = 15.0;
				MTL_ENABLE_DEBUG_INFO = INCLUDE_SOURCE;
				MTL_FAST_MATH = YES;
				ONLY_ACTIVE_ARCH = YES;
				SDKROOT = iphoneos;
				SWIFT_ACTIVE_COMPILATION_CONDITIONS = DEBUG;
				SWIFT_OPTIMIZATION_LEVEL = "-Onone";
			};
			name = Debug;
		};
		CEA78B642761032C005FEE3B /* Release */ = {
			isa = XCBuildConfiguration;
			buildSettings = {
				ALWAYS_SEARCH_USER_PATHS = NO;
				CLANG_ANALYZER_NONNULL = YES;
				CLANG_ANALYZER_NUMBER_OBJECT_CONVERSION = YES_AGGRESSIVE;
				CLANG_CXX_LANGUAGE_STANDARD = "gnu++17";
				CLANG_CXX_LIBRARY = "libc++";
				CLANG_ENABLE_MODULES = YES;
				CLANG_ENABLE_OBJC_ARC = YES;
				CLANG_ENABLE_OBJC_WEAK = YES;
				CLANG_WARN_BLOCK_CAPTURE_AUTORELEASING = YES;
				CLANG_WARN_BOOL_CONVERSION = YES;
				CLANG_WARN_COMMA = YES;
				CLANG_WARN_CONSTANT_CONVERSION = YES;
				CLANG_WARN_DEPRECATED_OBJC_IMPLEMENTATIONS = YES;
				CLANG_WARN_DIRECT_OBJC_ISA_USAGE = YES_ERROR;
				CLANG_WARN_DOCUMENTATION_COMMENTS = YES;
				CLANG_WARN_EMPTY_BODY = YES;
				CLANG_WARN_ENUM_CONVERSION = YES;
				CLANG_WARN_INFINITE_RECURSION = YES;
				CLANG_WARN_INT_CONVERSION = YES;
				CLANG_WARN_NON_LITERAL_NULL_CONVERSION = YES;
				CLANG_WARN_OBJC_IMPLICIT_RETAIN_SELF = YES;
				CLANG_WARN_OBJC_LITERAL_CONVERSION = YES;
				CLANG_WARN_OBJC_ROOT_CLASS = YES_ERROR;
				CLANG_WARN_QUOTED_INCLUDE_IN_FRAMEWORK_HEADER = YES;
				CLANG_WARN_RANGE_LOOP_ANALYSIS = YES;
				CLANG_WARN_STRICT_PROTOTYPES = YES;
				CLANG_WARN_SUSPICIOUS_MOVE = YES;
				CLANG_WARN_UNGUARDED_AVAILABILITY = YES_AGGRESSIVE;
				CLANG_WARN_UNREACHABLE_CODE = YES;
				CLANG_WARN__DUPLICATE_METHOD_MATCH = YES;
				COPY_PHASE_STRIP = NO;
				DEBUG_INFORMATION_FORMAT = "dwarf-with-dsym";
				ENABLE_NS_ASSERTIONS = NO;
				ENABLE_STRICT_OBJC_MSGSEND = YES;
				GCC_C_LANGUAGE_STANDARD = gnu11;
				GCC_NO_COMMON_BLOCKS = YES;
				GCC_WARN_64_TO_32_BIT_CONVERSION = YES;
				GCC_WARN_ABOUT_RETURN_TYPE = YES_ERROR;
				GCC_WARN_UNDECLARED_SELECTOR = YES;
				GCC_WARN_UNINITIALIZED_AUTOS = YES_AGGRESSIVE;
				GCC_WARN_UNUSED_FUNCTION = YES;
				GCC_WARN_UNUSED_VARIABLE = YES;
				IPHONEOS_DEPLOYMENT_TARGET = 15.0;
				MTL_ENABLE_DEBUG_INFO = NO;
				MTL_FAST_MATH = YES;
				SDKROOT = iphoneos;
				SWIFT_COMPILATION_MODE = wholemodule;
				SWIFT_OPTIMIZATION_LEVEL = "-O";
				VALIDATE_PRODUCT = YES;
			};
			name = Release;
		};
		CEA78B662761032C005FEE3B /* Debug */ = {
			isa = XCBuildConfiguration;
			buildSettings = {
				ASSETCATALOG_COMPILER_APPICON_NAME = AppIcon;
				ASSETCATALOG_COMPILER_GLOBAL_ACCENT_COLOR_NAME = AccentColor;
				CODE_SIGN_STYLE = Automatic;
				CURRENT_PROJECT_VERSION = 1;
				GENERATE_INFOPLIST_FILE = YES;
				INFOPLIST_FILE = Porject2/Info.plist;
				INFOPLIST_KEY_UIApplicationSupportsIndirectInputEvents = YES;
				INFOPLIST_KEY_UILaunchStoryboardName = LaunchScreen;
				INFOPLIST_KEY_UIMainStoryboardFile = Main;
				INFOPLIST_KEY_UISupportedInterfaceOrientations_iPad = "UIInterfaceOrientationPortrait UIInterfaceOrientationPortraitUpsideDown UIInterfaceOrientationLandscapeLeft UIInterfaceOrientationLandscapeRight";
				INFOPLIST_KEY_UISupportedInterfaceOrientations_iPhone = "UIInterfaceOrientationPortrait UIInterfaceOrientationLandscapeLeft UIInterfaceOrientationLandscapeRight";
				LD_RUNPATH_SEARCH_PATHS = (
					"$(inherited)",
					"@executable_path/Frameworks",
				);
				MARKETING_VERSION = 1.0;
				PRODUCT_BUNDLE_IDENTIFIER = com.ProjectLearn.Test;
				PRODUCT_NAME = "$(TARGET_NAME)";
				SWIFT_EMIT_LOC_STRINGS = YES;
				SWIFT_VERSION = 5.0;
				TARGETED_DEVICE_FAMILY = "1,2";
			};
			name = Debug;
		};
		CEA78B672761032C005FEE3B /* Release */ = {
			isa = XCBuildConfiguration;
			buildSettings = {
				ASSETCATALOG_COMPILER_APPICON_NAME = AppIcon;
				ASSETCATALOG_COMPILER_GLOBAL_ACCENT_COLOR_NAME = AccentColor;
				CODE_SIGN_STYLE = Automatic;
				CURRENT_PROJECT_VERSION = 1;
				GENERATE_INFOPLIST_FILE = YES;
				INFOPLIST_FILE = Porject2/Info.plist;
				INFOPLIST_KEY_UIApplicationSupportsIndirectInputEvents = YES;
				INFOPLIST_KEY_UILaunchStoryboardName = LaunchScreen;
				INFOPLIST_KEY_UIMainStoryboardFile = Main;
				INFOPLIST_KEY_UISupportedInterfaceOrientations_iPad = "UIInterfaceOrientationPortrait UIInterfaceOrientationPortraitUpsideDown UIInterfaceOrientationLandscapeLeft UIInterfaceOrientationLandscapeRight";
				INFOPLIST_KEY_UISupportedInterfaceOrientations_iPhone = "UIInterfaceOrientationPortrait UIInterfaceOrientationLandscapeLeft UIInterfaceOrientationLandscapeRight";
				LD_RUNPATH_SEARCH_PATHS = (
					"$(inherited)",
					"@executable_path/Frameworks",
				);
				MARKETING_VERSION = 1.0;
				PRODUCT_BUNDLE_IDENTIFIER = com.ProjectLearn.Test;
				PRODUCT_NAME = "$(TARGET_NAME)";
				SWIFT_EMIT_LOC_STRINGS = YES;
				SWIFT_VERSION = 5.0;
				TARGETED_DEVICE_FAMILY = "1,2";
			};
			name = Release;
		};
/* End XCBuildConfiguration section */

/* Begin XCConfigurationList section */
		CEA78B492761032A005FEE3B /* Build configuration list for PBXProject "Porject2" */ = {
			isa = XCConfigurationList;
			buildConfigurations = (
				CEA78B632761032C005FEE3B /* Debug */,
				CEA78B642761032C005FEE3B /* Release */,
			);
			defaultConfigurationIsVisible = 0;
			defaultConfigurationName = Release;
		};
		CEA78B652761032C005FEE3B /* Build configuration list for PBXNativeTarget "Porject2" */ = {
			isa = XCConfigurationList;
			buildConfigurations = (
				CEA78B662761032C005FEE3B /* Debug */,
				CEA78B672761032C005FEE3B /* Release */,
			);
			defaultConfigurationIsVisible = 0;
			defaultConfigurationName = Release;
		};
/* End XCConfigurationList section */

/* Begin XCRemoteSwiftPackageReference section */
		CEA78B7527611988005FEE3B /* XCRemoteSwiftPackageReference "firebase-ios-sdk" */ = {
			isa = XCRemoteSwiftPackageReference;
			repositoryURL = "https://github.com/firebase/firebase-ios-sdk";
			requirement = {
				branch = master;
				kind = branch;
			};
		};
/* End XCRemoteSwiftPackageReference section */

/* Begin XCSwiftPackageProductDependency section */
		CEA78B7627611988005FEE3B /* FirebaseAppCheck */ = {
			isa = XCSwiftPackageProductDependency;
			package = CEA78B7527611988005FEE3B /* XCRemoteSwiftPackageReference "firebase-ios-sdk" */;
			productName = FirebaseAppCheck;
		};
		CEA78B7827611988005FEE3B /* FirebaseAuth */ = {
			isa = XCSwiftPackageProductDependency;
			package = CEA78B7527611988005FEE3B /* XCRemoteSwiftPackageReference "firebase-ios-sdk" */;
			productName = FirebaseAuth;
		};
		CEA78B7A27611988005FEE3B /* FirebaseFirestore */ = {
			isa = XCSwiftPackageProductDependency;
			package = CEA78B7527611988005FEE3B /* XCRemoteSwiftPackageReference "firebase-ios-sdk" */;
			productName = FirebaseFirestore;
		};
/* End XCSwiftPackageProductDependency section */

/* Begin XCVersionGroup section */
		CEA78B5A2761032A005FEE3B /* Porject2.xcdatamodeld */ = {
			isa = XCVersionGroup;
			children = (
				CEA78B5B2761032A005FEE3B /* Porject2.xcdatamodel */,
			);
			currentVersion = CEA78B5B2761032A005FEE3B /* Porject2.xcdatamodel */;
			path = Porject2.xcdatamodeld;
			sourceTree = "<group>";
			versionGroupType = wrapper.xcdatamodel;
		};
/* End XCVersionGroup section */
	};
	rootObject = CEA78B462761032A005FEE3B /* Project object */;
}
